
Microsoft Visual Studio Solution File, Format Version 12.00
# Visual Studio Version 17
VisualStudioVersion = 17.3.32922.545
MinimumVisualStudioVersion = 10.0.40219.1
Project("{8BC9CEB8-8B4A-11D0-8D11-00A0C91BC942}") = "ChyrunSofialab10.1", "ChyrunSofialab10.1\ChyrunSofialab10.1.vcxproj", "{C75B9D85-2C05-48C4-B311-70A23C63CEF5}"
EndProject
Project("{8BC9CEB8-8B4A-11D0-8D11-00A0C91BC942}") = "UnitTest10.1", "UnitTest10.1\UnitTest10.1.vcxproj", "{C8E24B3E-F3A7-46C6-AC7E-EC4956E9B1B2}"
EndProject
Global
	GlobalSection(SolutionConfigurationPlatforms) = preSolution
		Debug|x64 = Debug|x64
		Debug|x86 = Debug|x86
		Release|x64 = Release|x64
		Release|x86 = Release|x86
	EndGlobalSection
	GlobalSection(ProjectConfigurationPlatforms) = postSolution
		{C75B9D85-2C05-48C4-B311-70A23C63CEF5}.Debug|x64.ActiveCfg = Debug|x64
		{C75B9D85-2C05-48C4-B311-70A23C63CEF5}.Debug|x64.Build.0 = Debug|x64
		{C75B9D85-2C05-48C4-B311-70A23C63CEF5}.Debug|x86.ActiveCfg = Debug|Win32
		{C75B9D85-2C05-48C4-B311-70A23C63CEF5}.Debug|x86.Build.0 = Debug|Win32
		{C75B9D85-2C05-48C4-B311-70A23C63CEF5}.Release|x64.ActiveCfg = Release|x64
		{C75B9D85-2C05-48C4-B311-70A23C63CEF5}.Release|x64.Build.0 = Release|x64
		{C75B9D85-2C05-48C4-B311-70A23C63CEF5}.Release|x86.ActiveCfg = Release|Win32
		{C75B9D85-2C05-48C4-B311-70A23C63CEF5}.Release|x86.Build.0 = Release|Win32
		{C8E24B3E-F3A7-46C6-AC7E-EC4956E9B1B2}.Debug|x64.ActiveCfg = Debug|x64
		{C8E24B3E-F3A7-46C6-AC7E-EC4956E9B1B2}.Debug|x64.Build.0 = Debug|x64
		{C8E24B3E-F3A7-46C6-AC7E-EC4956E9B1B2}.Debug|x86.ActiveCfg = Debug|Win32
		{C8E24B3E-F3A7-46C6-AC7E-EC4956E9B1B2}.Debug|x86.Build.0 = Debug|Win32
		{C8E24B3E-F3A7-46C6-AC7E-EC4956E9B1B2}.Release|x64.ActiveCfg = Release|x64
		{C8E24B3E-F3A7-46C6-AC7E-EC4956E9B1B2}.Release|x64.Build.0 = Release|x64
		{C8E24B3E-F3A7-46C6-AC7E-EC4956E9B1B2}.Release|x86.ActiveCfg = Release|Win32
		{C8E24B3E-F3A7-46C6-AC7E-EC4956E9B1B2}.Release|x86.Build.0 = Release|Win32
	EndGlobalSection
	GlobalSection(SolutionProperties) = preSolution
		HideSolutionNode = FALSE
	EndGlobalSection
	GlobalSection(ExtensibilityGlobals) = postSolution
		SolutionGuid = {2AAF1089-23EF-47EE-B03C-68E40BFE3495}
	EndGlobalSection
EndGlobal
